
Microsoft Visual Studio Solution File, Format Version 12.00
# Visual Studio Version 17
VisualStudioVersion = 17.11.35125.118
MinimumVisualStudioVersion = 10.0.40219.1
Project("{9A19103F-16F7-4668-BE54-9A1E7A4F7556}") = "AtomUI.Theme", "src\AtomUI.Theme\AtomUI.Theme.csproj", "{87085491-3C99-4C8F-8FA6-F179B9569CE8}"
EndProject
Project("{9A19103F-16F7-4668-BE54-9A1E7A4F7556}") = "AtomUI.Base", "src\AtomUI.Base\AtomUI.Base.csproj", "{8FFEB15F-7E48-4AF4-B708-8E96A68CF2D9}"
EndProject
Project("{9A19103F-16F7-4668-BE54-9A1E7A4F7556}") = "AtomUI.Controls", "src\AtomUI.Controls\AtomUI.Controls.csproj", "{A07CB66E-7A5F-4C44-BB16-02A0A99D6C2D}"
EndProject
Project("{2150E333-8FDC-42A3-9474-1A3956D46DE8}") = "Tests", "Tests", "{279BC2C9-A818-4D6C-9274-678649932057}"
EndProject
Project("{2150E333-8FDC-42A3-9474-1A3956D46DE8}") = "Generators", "Generators", "{B4C46C3E-0CCC-4861-95B6-CA08D501A46F}"
EndProject
Project("{FAE04EC0-301F-11D3-BF4B-00C04F79EFBC}") = "AtomUI.IconPkg", "src\AtomUI.IconPkg\AtomUI.IconPkg.csproj", "{70AC4A1D-2D88-4703-9AB2-89E753E1A04B}"
EndProject
Project("{FAE04EC0-301F-11D3-BF4B-00C04F79EFBC}") = "AtomUI.IconPkg.AntDesign", "src\AtomUI.IconPkg.AntDesign\AtomUI.IconPkg.AntDesign.csproj", "{796AC3CF-7A12-4183-9096-291738A62292}"
EndProject
Project("{2150E333-8FDC-42A3-9474-1A3956D46DE8}") = "Build", "Build", "{5EB2524C-30A5-4031-B424-4510E36C753E}"
	ProjectSection(SolutionItems) = preProject
		build\Common.props = build\Common.props
		Directory.Build.props = Directory.Build.props
		Directory.Build.targets = Directory.Build.targets
		Directory.Packages.props = Directory.Packages.props
		build\Internal.Using.props = build\Internal.Using.props
		build\PackageMetaInfo.props = build\PackageMetaInfo.props
		build\Output.App.props = build\Output.App.props
		build\Output.props = build\Output.props
		build\Version.props = build\Version.props
		build\AtomUINativePackageInfo.props = build\AtomUINativePackageInfo.props
	EndProjectSection
EndProject
Project("{FAE04EC0-301F-11D3-BF4B-00C04F79EFBC}") = "AtomUI", "packages\AtomUI\AtomUI.csproj", "{EF9E3D8A-7D43-42A4-839E-5B20553B1B72}"
EndProject
Project("{FAE04EC0-301F-11D3-BF4B-00C04F79EFBC}") = "AtomUI.Generator", "src\AtomUI.Generator\AtomUI.Generator.csproj", "{2AAAF06F-B1D1-4B3F-885A-F0C329F31C78}"
EndProject
Project("{FAE04EC0-301F-11D3-BF4B-00C04F79EFBC}") = "AtomUI.IconPkg.Generator", "src\AtomUI.IconPkg.Generator\AtomUI.IconPkg.Generator.csproj", "{734F7B41-8A7E-446B-8ECE-1B4E6AB703A4}"
EndProject
Project("{FAE04EC0-301F-11D3-BF4B-00C04F79EFBC}") = "AtomUI.ReactiveUI", "src\AtomUI.ReactiveUI\AtomUI.ReactiveUI.csproj", "{19B5B530-BC8B-433A-B0AD-4A5F040E012A}"
EndProject
Project("{FAE04EC0-301F-11D3-BF4B-00C04F79EFBC}") = "AtomUI.Fonts.AlibabaSans", "src\AtomUI.Fonts.AlibabaSans\AtomUI.Fonts.AlibabaSans.csproj", "{176657B8-81BE-48F4-BC5A-3BC3A6897524}"
EndProject
Global
	GlobalSection(SolutionConfigurationPlatforms) = preSolution
		Debug|Any CPU = Debug|Any CPU
		Release|Any CPU = Release|Any CPU
	EndGlobalSection
	GlobalSection(ProjectConfigurationPlatforms) = postSolution
		{87085491-3C99-4C8F-8FA6-F179B9569CE8}.Debug|Any CPU.ActiveCfg = Debug|Any CPU
		{87085491-3C99-4C8F-8FA6-F179B9569CE8}.Debug|Any CPU.Build.0 = Debug|Any CPU
		{87085491-3C99-4C8F-8FA6-F179B9569CE8}.Release|Any CPU.ActiveCfg = Release|Any CPU
		{87085491-3C99-4C8F-8FA6-F179B9569CE8}.Release|Any CPU.Build.0 = Release|Any CPU
		{8FFEB15F-7E48-4AF4-B708-8E96A68CF2D9}.Debug|Any CPU.ActiveCfg = Debug|Any CPU
		{8FFEB15F-7E48-4AF4-B708-8E96A68CF2D9}.Debug|Any CPU.Build.0 = Debug|Any CPU
		{8FFEB15F-7E48-4AF4-B708-8E96A68CF2D9}.Release|Any CPU.ActiveCfg = Release|Any CPU
		{8FFEB15F-7E48-4AF4-B708-8E96A68CF2D9}.Release|Any CPU.Build.0 = Release|Any CPU
		{A07CB66E-7A5F-4C44-BB16-02A0A99D6C2D}.Debug|Any CPU.ActiveCfg = Debug|Any CPU
		{A07CB66E-7A5F-4C44-BB16-02A0A99D6C2D}.Debug|Any CPU.Build.0 = Debug|Any CPU
		{A07CB66E-7A5F-4C44-BB16-02A0A99D6C2D}.Release|Any CPU.ActiveCfg = Release|Any CPU
		{A07CB66E-7A5F-4C44-BB16-02A0A99D6C2D}.Release|Any CPU.Build.0 = Release|Any CPU
		{70AC4A1D-2D88-4703-9AB2-89E753E1A04B}.Debug|Any CPU.ActiveCfg = Debug|Any CPU
		{70AC4A1D-2D88-4703-9AB2-89E753E1A04B}.Debug|Any CPU.Build.0 = Debug|Any CPU
		{70AC4A1D-2D88-4703-9AB2-89E753E1A04B}.Release|Any CPU.ActiveCfg = Release|Any CPU
		{70AC4A1D-2D88-4703-9AB2-89E753E1A04B}.Release|Any CPU.Build.0 = Release|Any CPU
		{796AC3CF-7A12-4183-9096-291738A62292}.Debug|Any CPU.ActiveCfg = Debug|Any CPU
		{796AC3CF-7A12-4183-9096-291738A62292}.Debug|Any CPU.Build.0 = Debug|Any CPU
		{796AC3CF-7A12-4183-9096-291738A62292}.Release|Any CPU.ActiveCfg = Release|Any CPU
		{796AC3CF-7A12-4183-9096-291738A62292}.Release|Any CPU.Build.0 = Release|Any CPU
		{EF9E3D8A-7D43-42A4-839E-5B20553B1B72}.Debug|Any CPU.ActiveCfg = Debug|Any CPU
		{EF9E3D8A-7D43-42A4-839E-5B20553B1B72}.Debug|Any CPU.Build.0 = Debug|Any CPU
		{EF9E3D8A-7D43-42A4-839E-5B20553B1B72}.Release|Any CPU.ActiveCfg = Release|Any CPU
		{EF9E3D8A-7D43-42A4-839E-5B20553B1B72}.Release|Any CPU.Build.0 = Release|Any CPU
		{2AAAF06F-B1D1-4B3F-885A-F0C329F31C78}.Debug|Any CPU.ActiveCfg = Debug|Any CPU
		{2AAAF06F-B1D1-4B3F-885A-F0C329F31C78}.Debug|Any CPU.Build.0 = Debug|Any CPU
		{2AAAF06F-B1D1-4B3F-885A-F0C329F31C78}.Release|Any CPU.ActiveCfg = Release|Any CPU
		{2AAAF06F-B1D1-4B3F-885A-F0C329F31C78}.Release|Any CPU.Build.0 = Release|Any CPU
		{734F7B41-8A7E-446B-8ECE-1B4E6AB703A4}.Debug|Any CPU.ActiveCfg = Debug|Any CPU
		{734F7B41-8A7E-446B-8ECE-1B4E6AB703A4}.Debug|Any CPU.Build.0 = Debug|Any CPU
		{734F7B41-8A7E-446B-8ECE-1B4E6AB703A4}.Release|Any CPU.ActiveCfg = Release|Any CPU
		{734F7B41-8A7E-446B-8ECE-1B4E6AB703A4}.Release|Any CPU.Build.0 = Release|Any CPU
		{19B5B530-BC8B-433A-B0AD-4A5F040E012A}.Debug|Any CPU.ActiveCfg = Debug|Any CPU
		{19B5B530-BC8B-433A-B0AD-4A5F040E012A}.Debug|Any CPU.Build.0 = Debug|Any CPU
		{19B5B530-BC8B-433A-B0AD-4A5F040E012A}.Release|Any CPU.ActiveCfg = Release|Any CPU
		{19B5B530-BC8B-433A-B0AD-4A5F040E012A}.Release|Any CPU.Build.0 = Release|Any CPU
		{176657B8-81BE-48F4-BC5A-3BC3A6897524}.Debug|Any CPU.ActiveCfg = Debug|Any CPU
		{176657B8-81BE-48F4-BC5A-3BC3A6897524}.Debug|Any CPU.Build.0 = Debug|Any CPU
		{176657B8-81BE-48F4-BC5A-3BC3A6897524}.Release|Any CPU.ActiveCfg = Release|Any CPU
		{176657B8-81BE-48F4-BC5A-3BC3A6897524}.Release|Any CPU.Build.0 = Release|Any CPU
	EndGlobalSection
	GlobalSection(SolutionProperties) = preSolution
		HideSolutionNode = FALSE
	EndGlobalSection
	GlobalSection(NestedProjects) = preSolution
		{2AAAF06F-B1D1-4B3F-885A-F0C329F31C78} = {B4C46C3E-0CCC-4861-95B6-CA08D501A46F}
		{734F7B41-8A7E-446B-8ECE-1B4E6AB703A4} = {B4C46C3E-0CCC-4861-95B6-CA08D501A46F}
	EndGlobalSection
	GlobalSection(ExtensibilityGlobals) = postSolution
		SolutionGuid = {056F1B83-F604-4F7D-A255-0B40FB31A8F6}
	EndGlobalSection
EndGlobal
