
Microsoft Visual Studio Solution File, Format Version 12.00
# Visual Studio Version 17
VisualStudioVersion = 17.11.35125.118
MinimumVisualStudioVersion = 10.0.40219.1
Project("{9A19103F-16F7-4668-BE54-9A1E7A4F7556}") = "AtomUI.Theme", "src\AtomUI.Theme\AtomUI.Theme.csproj", "{87085491-3C99-4C8F-8FA6-F179B9569CE8}"
EndProject
Project("{9A19103F-16F7-4668-BE54-9A1E7A4F7556}") = "AtomUI.Base", "src\AtomUI.Base\AtomUI.Base.csproj", "{8FFEB15F-7E48-4AF4-B708-8E96A68CF2D9}"
EndProject
Project("{9A19103F-16F7-4668-BE54-9A1E7A4F7556}") = "AtomUI.Generator", "src\AtomUI.Generator\AtomUI.Generator.csproj", "{30910056-F8F6-4429-B25E-722C57440210}"
EndProject
Project("{9A19103F-16F7-4668-BE54-9A1E7A4F7556}") = "AtomUI.TestBase", "tests\AtomUI.TestBase\AtomUI.TestBase.csproj", "{EADEF2AC-B7E5-436A-8B39-8BBECF8706AB}"
EndProject
Project("{9A19103F-16F7-4668-BE54-9A1E7A4F7556}") = "AtomUI.Base.Tests", "tests\AtomUI.Base.Tests\AtomUI.Base.Tests.csproj", "{E41D737A-5CF0-4B33-9F51-2C1B1541659C}"
EndProject
Project("{9A19103F-16F7-4668-BE54-9A1E7A4F7556}") = "AtomUI.Controls", "src\AtomUI.Controls\AtomUI.Controls.csproj", "{A07CB66E-7A5F-4C44-BB16-02A0A99D6C2D}"
EndProject
Project("{2150E333-8FDC-42A3-9474-1A3956D46DE8}") = "Tests", "Tests", "{279BC2C9-A818-4D6C-9274-678649932057}"
EndProject
Project("{2150E333-8FDC-42A3-9474-1A3956D46DE8}") = "Generators", "Generators", "{B4C46C3E-0CCC-4861-95B6-CA08D501A46F}"
EndProject
Project("{FAE04EC0-301F-11D3-BF4B-00C04F79EFBC}") = "AtomUI.Platform.Win32", "src\AtomUI.Platform.Win32\AtomUI.Platform.Win32.csproj", "{9BF7EF51-4100-4EAE-8A95-FC5F1BD4A1E4}"
EndProject
Project("{FAE04EC0-301F-11D3-BF4B-00C04F79EFBC}") = "AtomUI.IconPkg", "src\AtomUI.IconPkg\AtomUI.IconPkg.csproj", "{70AC4A1D-2D88-4703-9AB2-89E753E1A04B}"
EndProject
Project("{FAE04EC0-301F-11D3-BF4B-00C04F79EFBC}") = "AtomUI.IconPkg.AntDesign", "src\AtomUI.IconPkg.AntDesign\AtomUI.IconPkg.AntDesign.csproj", "{796AC3CF-7A12-4183-9096-291738A62292}"
EndProject
Project("{FAE04EC0-301F-11D3-BF4B-00C04F79EFBC}") = "AtomUI.IconPkg.Generator", "src\AtomUI.IconPkg.Generator\AtomUI.IconPkg.Generator.csproj", "{C8BFCDBE-0DC2-411F-B2E4-439A0A8E1752}"
EndProject
Project("{2150E333-8FDC-42A3-9474-1A3956D46DE8}") = "Build", "Build", "{5EB2524C-30A5-4031-B424-4510E36C753E}"
	ProjectSection(SolutionItems) = preProject
		build\Common.props = build\Common.props
		Directory.Build.props = Directory.Build.props
		Directory.Build.targets = Directory.Build.targets
		Directory.Packages.props = Directory.Packages.props
		build\Internal.Using.props = build\Internal.Using.props
		build\PackageMetaInfo.props = build\PackageMetaInfo.props
		build\Output.App.props = build\Output.App.props
		build\Output.Local.props = build\Output.Local.props
		build\Output.props = build\Output.props
		build\Version.props = build\Version.props
		build\AtomUINativePackageInfo.props = build\AtomUINativePackageInfo.props
	EndProjectSection
EndProject
Project("{FAE04EC0-301F-11D3-BF4B-00C04F79EFBC}") = "AtomUI.Native", "src\AtomUI.Native\AtomUI.Native.csproj", "{90F1E4BC-4513-450E-B2B8-C64A779C8A0D}"
EndProject
Project("{FAE04EC0-301F-11D3-BF4B-00C04F79EFBC}") = "AtomUI", "packages\AtomUI\AtomUI.csproj", "{EF9E3D8A-7D43-42A4-839E-5B20553B1B72}"
EndProject
Global
	GlobalSection(SolutionConfigurationPlatforms) = preSolution
		Debug|Any CPU = Debug|Any CPU
		Release|Any CPU = Release|Any CPU
	EndGlobalSection
	GlobalSection(ProjectConfigurationPlatforms) = postSolution
		{87085491-3C99-4C8F-8FA6-F179B9569CE8}.Debug|Any CPU.ActiveCfg = Debug|Any CPU
		{87085491-3C99-4C8F-8FA6-F179B9569CE8}.Debug|Any CPU.Build.0 = Debug|Any CPU
		{87085491-3C99-4C8F-8FA6-F179B9569CE8}.Release|Any CPU.ActiveCfg = Release|Any CPU
		{87085491-3C99-4C8F-8FA6-F179B9569CE8}.Release|Any CPU.Build.0 = Release|Any CPU
		{8FFEB15F-7E48-4AF4-B708-8E96A68CF2D9}.Debug|Any CPU.ActiveCfg = Debug|Any CPU
		{8FFEB15F-7E48-4AF4-B708-8E96A68CF2D9}.Debug|Any CPU.Build.0 = Debug|Any CPU
		{8FFEB15F-7E48-4AF4-B708-8E96A68CF2D9}.Release|Any CPU.ActiveCfg = Release|Any CPU
		{8FFEB15F-7E48-4AF4-B708-8E96A68CF2D9}.Release|Any CPU.Build.0 = Release|Any CPU
		{30910056-F8F6-4429-B25E-722C57440210}.Debug|Any CPU.ActiveCfg = Debug|Any CPU
		{30910056-F8F6-4429-B25E-722C57440210}.Debug|Any CPU.Build.0 = Debug|Any CPU
		{30910056-F8F6-4429-B25E-722C57440210}.Release|Any CPU.ActiveCfg = Release|Any CPU
		{30910056-F8F6-4429-B25E-722C57440210}.Release|Any CPU.Build.0 = Release|Any CPU
		{EADEF2AC-B7E5-436A-8B39-8BBECF8706AB}.Debug|Any CPU.ActiveCfg = Debug|Any CPU
		{EADEF2AC-B7E5-436A-8B39-8BBECF8706AB}.Debug|Any CPU.Build.0 = Debug|Any CPU
		{EADEF2AC-B7E5-436A-8B39-8BBECF8706AB}.Release|Any CPU.ActiveCfg = Release|Any CPU
		{E41D737A-5CF0-4B33-9F51-2C1B1541659C}.Debug|Any CPU.ActiveCfg = Debug|Any CPU
		{E41D737A-5CF0-4B33-9F51-2C1B1541659C}.Debug|Any CPU.Build.0 = Debug|Any CPU
		{E41D737A-5CF0-4B33-9F51-2C1B1541659C}.Release|Any CPU.ActiveCfg = Release|Any CPU
		{A07CB66E-7A5F-4C44-BB16-02A0A99D6C2D}.Debug|Any CPU.ActiveCfg = Debug|Any CPU
		{A07CB66E-7A5F-4C44-BB16-02A0A99D6C2D}.Debug|Any CPU.Build.0 = Debug|Any CPU
		{A07CB66E-7A5F-4C44-BB16-02A0A99D6C2D}.Release|Any CPU.ActiveCfg = Release|Any CPU
		{A07CB66E-7A5F-4C44-BB16-02A0A99D6C2D}.Release|Any CPU.Build.0 = Release|Any CPU
		{9BF7EF51-4100-4EAE-8A95-FC5F1BD4A1E4}.Debug|Any CPU.ActiveCfg = Debug|Any CPU
		{9BF7EF51-4100-4EAE-8A95-FC5F1BD4A1E4}.Debug|Any CPU.Build.0 = Debug|Any CPU
		{9BF7EF51-4100-4EAE-8A95-FC5F1BD4A1E4}.Release|Any CPU.ActiveCfg = Release|Any CPU
		{9BF7EF51-4100-4EAE-8A95-FC5F1BD4A1E4}.Release|Any CPU.Build.0 = Release|Any CPU
		{70AC4A1D-2D88-4703-9AB2-89E753E1A04B}.Debug|Any CPU.ActiveCfg = Debug|Any CPU
		{70AC4A1D-2D88-4703-9AB2-89E753E1A04B}.Debug|Any CPU.Build.0 = Debug|Any CPU
		{70AC4A1D-2D88-4703-9AB2-89E753E1A04B}.Release|Any CPU.ActiveCfg = Release|Any CPU
		{70AC4A1D-2D88-4703-9AB2-89E753E1A04B}.Release|Any CPU.Build.0 = Release|Any CPU
		{796AC3CF-7A12-4183-9096-291738A62292}.Debug|Any CPU.ActiveCfg = Debug|Any CPU
		{796AC3CF-7A12-4183-9096-291738A62292}.Debug|Any CPU.Build.0 = Debug|Any CPU
		{796AC3CF-7A12-4183-9096-291738A62292}.Release|Any CPU.ActiveCfg = Release|Any CPU
		{796AC3CF-7A12-4183-9096-291738A62292}.Release|Any CPU.Build.0 = Release|Any CPU
		{C8BFCDBE-0DC2-411F-B2E4-439A0A8E1752}.Debug|Any CPU.ActiveCfg = Debug|Any CPU
		{C8BFCDBE-0DC2-411F-B2E4-439A0A8E1752}.Debug|Any CPU.Build.0 = Debug|Any CPU
		{C8BFCDBE-0DC2-411F-B2E4-439A0A8E1752}.Release|Any CPU.ActiveCfg = Release|Any CPU
		{C8BFCDBE-0DC2-411F-B2E4-439A0A8E1752}.Release|Any CPU.Build.0 = Release|Any CPU
		{90F1E4BC-4513-450E-B2B8-C64A779C8A0D}.Debug|Any CPU.ActiveCfg = Debug|Any CPU
		{90F1E4BC-4513-450E-B2B8-C64A779C8A0D}.Debug|Any CPU.Build.0 = Debug|Any CPU
		{90F1E4BC-4513-450E-B2B8-C64A779C8A0D}.Release|Any CPU.ActiveCfg = Release|Any CPU
		{90F1E4BC-4513-450E-B2B8-C64A779C8A0D}.Release|Any CPU.Build.0 = Release|Any CPU
		{EF9E3D8A-7D43-42A4-839E-5B20553B1B72}.Debug|Any CPU.ActiveCfg = Debug|Any CPU
		{EF9E3D8A-7D43-42A4-839E-5B20553B1B72}.Debug|Any CPU.Build.0 = Debug|Any CPU
		{EF9E3D8A-7D43-42A4-839E-5B20553B1B72}.Release|Any CPU.ActiveCfg = Release|Any CPU
		{EF9E3D8A-7D43-42A4-839E-5B20553B1B72}.Release|Any CPU.Build.0 = Release|Any CPU
	EndGlobalSection
	GlobalSection(SolutionProperties) = preSolution
		HideSolutionNode = FALSE
	EndGlobalSection
	GlobalSection(NestedProjects) = preSolution
		{30910056-F8F6-4429-B25E-722C57440210} = {B4C46C3E-0CCC-4861-95B6-CA08D501A46F}
		{EADEF2AC-B7E5-436A-8B39-8BBECF8706AB} = {279BC2C9-A818-4D6C-9274-678649932057}
		{E41D737A-5CF0-4B33-9F51-2C1B1541659C} = {279BC2C9-A818-4D6C-9274-678649932057}
	EndGlobalSection
	GlobalSection(ExtensibilityGlobals) = postSolution
		SolutionGuid = {056F1B83-F604-4F7D-A255-0B40FB31A8F6}
	EndGlobalSection
EndGlobal
